
Microsoft Visual Studio Solution File, Format Version 12.00
# Visual Studio Version 17
VisualStudioVersion = 17.3.32825.248
MinimumVisualStudioVersion = 10.0.40219.1
Project("{9A19103F-16F7-4668-BE54-9A1E7A4F7556}") = "1Arrays", "1Arrays\1Arrays.csproj", "{3742A10D-FA32-4886-A8BE-DDB3589EA1EC}"
EndProject
Project("{FAE04EC0-301F-11D3-BF4B-00C04F79EFBC}") = "1ArrayLacoFor", "1ArrayLacoFor\1ArrayLacoFor.csproj", "{B85A4C4F-EFDD-49DA-A149-F2C382A2152F}"
EndProject
Project("{FAE04EC0-301F-11D3-BF4B-00C04F79EFBC}") = "1ArrayLacoForeach", "1ArrayLacoForeach\1ArrayLacoForeach.csproj", "{DB8E67CF-7E17-4F61-AFC5-A0130CE4AEED}"
EndProject
Project("{FAE04EC0-301F-11D3-BF4B-00C04F79EFBC}") = "10ClasseArray_Metodos", "10ClasseArray_Metodos\10ClasseArray_Metodos.csproj", "{13D8BA05-D133-496B-9E88-0B6C832C4FBB}"
EndProject
Project("{FAE04EC0-301F-11D3-BF4B-00C04F79EFBC}") = "ArrayExercicio", "ArrayExercicio\ArrayExercicio.csproj", "{2F5E39CC-3ECF-4D63-B4E9-E66871711CE9}"
EndProject
Project("{FAE04EC0-301F-11D3-BF4B-00C04F79EFBC}") = "9ModificadorParams", "9ModificadorParams\9ModificadorParams.csproj", "{5301E735-1ED8-4591-8F6D-CA762E4CE649}"
EndProject
Project("{FAE04EC0-301F-11D3-BF4B-00C04F79EFBC}") = "3ArraysBidimensionais", "3ArraysBidimensionais\3ArraysBidimensionais.csproj", "{6EFFA869-0827-4C7A-A058-A0FB72CB8EE0}"
EndProject
Project("{FAE04EC0-301F-11D3-BF4B-00C04F79EFBC}") = "3ArraysBidimensionaisForForeach", "3ArraysBidimensionaisForForeach\3ArraysBidimensionaisForForeach.csproj", "{D6EE497A-DEDB-4D5F-9E38-617292FB2A70}"
EndProject
Project("{FAE04EC0-301F-11D3-BF4B-00C04F79EFBC}") = "4ArrayBidimensionalExercicio", "4ArrayBidimensionalExercicio\4ArrayBidimensionalExercicio.csproj", "{FD7E88D5-5F5A-4E75-997B-FF1F5F595C2A}"
EndProject
Global
	GlobalSection(SolutionConfigurationPlatforms) = preSolution
		Debug|Any CPU = Debug|Any CPU
		Release|Any CPU = Release|Any CPU
	EndGlobalSection
	GlobalSection(ProjectConfigurationPlatforms) = postSolution
		{3742A10D-FA32-4886-A8BE-DDB3589EA1EC}.Debug|Any CPU.ActiveCfg = Debug|Any CPU
		{3742A10D-FA32-4886-A8BE-DDB3589EA1EC}.Debug|Any CPU.Build.0 = Debug|Any CPU
		{3742A10D-FA32-4886-A8BE-DDB3589EA1EC}.Release|Any CPU.ActiveCfg = Release|Any CPU
		{3742A10D-FA32-4886-A8BE-DDB3589EA1EC}.Release|Any CPU.Build.0 = Release|Any CPU
		{B85A4C4F-EFDD-49DA-A149-F2C382A2152F}.Debug|Any CPU.ActiveCfg = Debug|Any CPU
		{B85A4C4F-EFDD-49DA-A149-F2C382A2152F}.Debug|Any CPU.Build.0 = Debug|Any CPU
		{B85A4C4F-EFDD-49DA-A149-F2C382A2152F}.Release|Any CPU.ActiveCfg = Release|Any CPU
		{B85A4C4F-EFDD-49DA-A149-F2C382A2152F}.Release|Any CPU.Build.0 = Release|Any CPU
		{DB8E67CF-7E17-4F61-AFC5-A0130CE4AEED}.Debug|Any CPU.ActiveCfg = Debug|Any CPU
		{DB8E67CF-7E17-4F61-AFC5-A0130CE4AEED}.Debug|Any CPU.Build.0 = Debug|Any CPU
		{DB8E67CF-7E17-4F61-AFC5-A0130CE4AEED}.Release|Any CPU.ActiveCfg = Release|Any CPU
		{DB8E67CF-7E17-4F61-AFC5-A0130CE4AEED}.Release|Any CPU.Build.0 = Release|Any CPU
		{13D8BA05-D133-496B-9E88-0B6C832C4FBB}.Debug|Any CPU.ActiveCfg = Debug|Any CPU
		{13D8BA05-D133-496B-9E88-0B6C832C4FBB}.Debug|Any CPU.Build.0 = Debug|Any CPU
		{13D8BA05-D133-496B-9E88-0B6C832C4FBB}.Release|Any CPU.ActiveCfg = Release|Any CPU
		{13D8BA05-D133-496B-9E88-0B6C832C4FBB}.Release|Any CPU.Build.0 = Release|Any CPU
		{2F5E39CC-3ECF-4D63-B4E9-E66871711CE9}.Debug|Any CPU.ActiveCfg = Debug|Any CPU
		{2F5E39CC-3ECF-4D63-B4E9-E66871711CE9}.Debug|Any CPU.Build.0 = Debug|Any CPU
		{2F5E39CC-3ECF-4D63-B4E9-E66871711CE9}.Release|Any CPU.ActiveCfg = Release|Any CPU
		{2F5E39CC-3ECF-4D63-B4E9-E66871711CE9}.Release|Any CPU.Build.0 = Release|Any CPU
		{5301E735-1ED8-4591-8F6D-CA762E4CE649}.Debug|Any CPU.ActiveCfg = Debug|Any CPU
		{5301E735-1ED8-4591-8F6D-CA762E4CE649}.Debug|Any CPU.Build.0 = Debug|Any CPU
		{5301E735-1ED8-4591-8F6D-CA762E4CE649}.Release|Any CPU.ActiveCfg = Release|Any CPU
		{5301E735-1ED8-4591-8F6D-CA762E4CE649}.Release|Any CPU.Build.0 = Release|Any CPU
		{6EFFA869-0827-4C7A-A058-A0FB72CB8EE0}.Debug|Any CPU.ActiveCfg = Debug|Any CPU
		{6EFFA869-0827-4C7A-A058-A0FB72CB8EE0}.Debug|Any CPU.Build.0 = Debug|Any CPU
		{6EFFA869-0827-4C7A-A058-A0FB72CB8EE0}.Release|Any CPU.ActiveCfg = Release|Any CPU
		{6EFFA869-0827-4C7A-A058-A0FB72CB8EE0}.Release|Any CPU.Build.0 = Release|Any CPU
		{D6EE497A-DEDB-4D5F-9E38-617292FB2A70}.Debug|Any CPU.ActiveCfg = Debug|Any CPU
		{D6EE497A-DEDB-4D5F-9E38-617292FB2A70}.Debug|Any CPU.Build.0 = Debug|Any CPU
		{D6EE497A-DEDB-4D5F-9E38-617292FB2A70}.Release|Any CPU.ActiveCfg = Release|Any CPU
		{D6EE497A-DEDB-4D5F-9E38-617292FB2A70}.Release|Any CPU.Build.0 = Release|Any CPU
		{FD7E88D5-5F5A-4E75-997B-FF1F5F595C2A}.Debug|Any CPU.ActiveCfg = Debug|Any CPU
		{FD7E88D5-5F5A-4E75-997B-FF1F5F595C2A}.Debug|Any CPU.Build.0 = Debug|Any CPU
		{FD7E88D5-5F5A-4E75-997B-FF1F5F595C2A}.Release|Any CPU.ActiveCfg = Release|Any CPU
		{FD7E88D5-5F5A-4E75-997B-FF1F5F595C2A}.Release|Any CPU.Build.0 = Release|Any CPU
	EndGlobalSection
	GlobalSection(SolutionProperties) = preSolution
		HideSolutionNode = FALSE
	EndGlobalSection
	GlobalSection(ExtensibilityGlobals) = postSolution
		SolutionGuid = {762AAB60-9876-44D6-9D3D-CF34E398DDB3}
	EndGlobalSection
EndGlobal
