
Microsoft Visual Studio Solution File, Format Version 12.00
# Visual Studio Version 17
VisualStudioVersion = 17.3.32825.248
MinimumVisualStudioVersion = 10.0.40219.1
Project("{9A19103F-16F7-4668-BE54-9A1E7A4F7556}") = "1Arrays", "1Arrays\1Arrays.csproj", "{3742A10D-FA32-4886-A8BE-DDB3589EA1EC}"
EndProject
Project("{9A19103F-16F7-4668-BE54-9A1E7A4F7556}") = "1ArrayLacoFor", "1ArrayLacoFor\1ArrayLacoFor.csproj", "{B85A4C4F-EFDD-49DA-A149-F2C382A2152F}"
EndProject
Project("{9A19103F-16F7-4668-BE54-9A1E7A4F7556}") = "1ArrayLacoForeach", "1ArrayLacoForeach\1ArrayLacoForeach.csproj", "{DB8E67CF-7E17-4F61-AFC5-A0130CE4AEED}"
EndProject
Project("{9A19103F-16F7-4668-BE54-9A1E7A4F7556}") = "10ClasseArray_Metodos", "10ClasseArray_Metodos\10ClasseArray_Metodos.csproj", "{13D8BA05-D133-496B-9E88-0B6C832C4FBB}"
EndProject
Project("{9A19103F-16F7-4668-BE54-9A1E7A4F7556}") = "ArrayExercicio", "ArrayExercicio\ArrayExercicio.csproj", "{2F5E39CC-3ECF-4D63-B4E9-E66871711CE9}"
EndProject
Project("{9A19103F-16F7-4668-BE54-9A1E7A4F7556}") = "9ModificadorParams", "9ModificadorParams\9ModificadorParams.csproj", "{5301E735-1ED8-4591-8F6D-CA762E4CE649}"
EndProject
Project("{9A19103F-16F7-4668-BE54-9A1E7A4F7556}") = "3ArraysBidimensionais", "3ArraysBidimensionais\3ArraysBidimensionais.csproj", "{6EFFA869-0827-4C7A-A058-A0FB72CB8EE0}"
EndProject
Project("{9A19103F-16F7-4668-BE54-9A1E7A4F7556}") = "3ArraysBidimensionaisForForeach", "3ArraysBidimensionaisForForeach\3ArraysBidimensionaisForForeach.csproj", "{D6EE497A-DEDB-4D5F-9E38-617292FB2A70}"
EndProject
Project("{9A19103F-16F7-4668-BE54-9A1E7A4F7556}") = "4ArrayBidimensionalExercicio", "4ArrayBidimensionalExercicio\4ArrayBidimensionalExercicio.csproj", "{FD7E88D5-5F5A-4E75-997B-FF1F5F595C2A}"
EndProject
Project("{9A19103F-16F7-4668-BE54-9A1E7A4F7556}") = "6ArrayList", "6ArrayList\6ArrayList.csproj", "{AE4845A8-E0BB-435B-AEA3-3CCFEB1A5B02}"
EndProject
Project("{9A19103F-16F7-4668-BE54-9A1E7A4F7556}") = "6ArrayList2", "6ArrayList2\6ArrayList2.csproj", "{409BBA36-335F-4E0F-AA11-2DFA855D3648}"
EndProject
Project("{9A19103F-16F7-4668-BE54-9A1E7A4F7556}") = "6ArrayList3Remove", "6ArrayList3Remove\6ArrayList3Remove.csproj", "{1107DA7F-A5EB-40B5-B4A4-A4736D5035F0}"
EndProject
Project("{9A19103F-16F7-4668-BE54-9A1E7A4F7556}") = "6ArrayListOrdenarRemoverTodos", "6ArrayListOrdenarRemoverTodos\6ArrayListOrdenarRemoverTodos.csproj", "{9493107E-E1BA-42C3-988B-67BB6E46EF59}"
EndProject
Project("{9A19103F-16F7-4668-BE54-9A1E7A4F7556}") = "7List-T-", "7List-T-\7List-T-.csproj", "{3EE5BAF2-8CF2-4968-8AF6-62F51284EA99}"
EndProject
Project("{9A19103F-16F7-4668-BE54-9A1E7A4F7556}") = "7List-T-MetodosAdd", "7List-T-Metodos\7List-T-MetodosAdd.csproj", "{2991C3B4-8B8D-4DD2-A79A-FCC16B0B7414}"
EndProject
Project("{9A19103F-16F7-4668-BE54-9A1E7A4F7556}") = "7List-T-MetodosRemove", "7List-T-MetodosRemove\7List-T-MetodosRemove.csproj", "{587EDD6A-469B-4B5B-9DD1-03BE0AF494F8}"
EndProject
Project("{9A19103F-16F7-4668-BE54-9A1E7A4F7556}") = "7List-T-AcessandoElementos", "7List-T-AcessandoElementos\7List-T-AcessandoElementos.csproj", "{AAC4B68A-1397-4746-A147-35D01C998999}"
EndProject
Project("{9A19103F-16F7-4668-BE54-9A1E7A4F7556}") = "7List-T-AlterandoElemento", "7List-T-AlterandoElemento\7List-T-AlterandoElemento.csproj", "{4C0557FE-D468-4B2A-8ADC-9ED8C39DF58B}"
EndProject
Project("{9A19103F-16F7-4668-BE54-9A1E7A4F7556}") = "7List-T-IteracaoFor", "7List-T-InteracaoFor\7List-T-IteracaoFor.csproj", "{F89B4F1A-85F9-48FD-9111-0DAA788C3192}"
EndProject
Project("{9A19103F-16F7-4668-BE54-9A1E7A4F7556}") = "7List-T-IteracaoForEach", "7List-T-InteracaoForEach\7List-T-IteracaoForEach.csproj", "{29BAD985-16A6-4E1B-99E5-D96C35519AA0}"
EndProject
Project("{FAE04EC0-301F-11D3-BF4B-00C04F79EFBC}") = "7List-T-MetodosFind", "7List-T-MetodosFind\7List-T-MetodosFind.csproj", "{FA9F3378-57C7-425D-9962-92056BFF894A}"
EndProject
Global
	GlobalSection(SolutionConfigurationPlatforms) = preSolution
		Debug|Any CPU = Debug|Any CPU
		Release|Any CPU = Release|Any CPU
	EndGlobalSection
	GlobalSection(ProjectConfigurationPlatforms) = postSolution
		{3742A10D-FA32-4886-A8BE-DDB3589EA1EC}.Debug|Any CPU.ActiveCfg = Debug|Any CPU
		{3742A10D-FA32-4886-A8BE-DDB3589EA1EC}.Debug|Any CPU.Build.0 = Debug|Any CPU
		{3742A10D-FA32-4886-A8BE-DDB3589EA1EC}.Release|Any CPU.ActiveCfg = Release|Any CPU
		{3742A10D-FA32-4886-A8BE-DDB3589EA1EC}.Release|Any CPU.Build.0 = Release|Any CPU
		{B85A4C4F-EFDD-49DA-A149-F2C382A2152F}.Debug|Any CPU.ActiveCfg = Debug|Any CPU
		{B85A4C4F-EFDD-49DA-A149-F2C382A2152F}.Debug|Any CPU.Build.0 = Debug|Any CPU
		{B85A4C4F-EFDD-49DA-A149-F2C382A2152F}.Release|Any CPU.ActiveCfg = Release|Any CPU
		{B85A4C4F-EFDD-49DA-A149-F2C382A2152F}.Release|Any CPU.Build.0 = Release|Any CPU
		{DB8E67CF-7E17-4F61-AFC5-A0130CE4AEED}.Debug|Any CPU.ActiveCfg = Debug|Any CPU
		{DB8E67CF-7E17-4F61-AFC5-A0130CE4AEED}.Debug|Any CPU.Build.0 = Debug|Any CPU
		{DB8E67CF-7E17-4F61-AFC5-A0130CE4AEED}.Release|Any CPU.ActiveCfg = Release|Any CPU
		{DB8E67CF-7E17-4F61-AFC5-A0130CE4AEED}.Release|Any CPU.Build.0 = Release|Any CPU
		{13D8BA05-D133-496B-9E88-0B6C832C4FBB}.Debug|Any CPU.ActiveCfg = Debug|Any CPU
		{13D8BA05-D133-496B-9E88-0B6C832C4FBB}.Debug|Any CPU.Build.0 = Debug|Any CPU
		{13D8BA05-D133-496B-9E88-0B6C832C4FBB}.Release|Any CPU.ActiveCfg = Release|Any CPU
		{13D8BA05-D133-496B-9E88-0B6C832C4FBB}.Release|Any CPU.Build.0 = Release|Any CPU
		{2F5E39CC-3ECF-4D63-B4E9-E66871711CE9}.Debug|Any CPU.ActiveCfg = Debug|Any CPU
		{2F5E39CC-3ECF-4D63-B4E9-E66871711CE9}.Debug|Any CPU.Build.0 = Debug|Any CPU
		{2F5E39CC-3ECF-4D63-B4E9-E66871711CE9}.Release|Any CPU.ActiveCfg = Release|Any CPU
		{2F5E39CC-3ECF-4D63-B4E9-E66871711CE9}.Release|Any CPU.Build.0 = Release|Any CPU
		{5301E735-1ED8-4591-8F6D-CA762E4CE649}.Debug|Any CPU.ActiveCfg = Debug|Any CPU
		{5301E735-1ED8-4591-8F6D-CA762E4CE649}.Debug|Any CPU.Build.0 = Debug|Any CPU
		{5301E735-1ED8-4591-8F6D-CA762E4CE649}.Release|Any CPU.ActiveCfg = Release|Any CPU
		{5301E735-1ED8-4591-8F6D-CA762E4CE649}.Release|Any CPU.Build.0 = Release|Any CPU
		{6EFFA869-0827-4C7A-A058-A0FB72CB8EE0}.Debug|Any CPU.ActiveCfg = Debug|Any CPU
		{6EFFA869-0827-4C7A-A058-A0FB72CB8EE0}.Debug|Any CPU.Build.0 = Debug|Any CPU
		{6EFFA869-0827-4C7A-A058-A0FB72CB8EE0}.Release|Any CPU.ActiveCfg = Release|Any CPU
		{6EFFA869-0827-4C7A-A058-A0FB72CB8EE0}.Release|Any CPU.Build.0 = Release|Any CPU
		{D6EE497A-DEDB-4D5F-9E38-617292FB2A70}.Debug|Any CPU.ActiveCfg = Debug|Any CPU
		{D6EE497A-DEDB-4D5F-9E38-617292FB2A70}.Debug|Any CPU.Build.0 = Debug|Any CPU
		{D6EE497A-DEDB-4D5F-9E38-617292FB2A70}.Release|Any CPU.ActiveCfg = Release|Any CPU
		{D6EE497A-DEDB-4D5F-9E38-617292FB2A70}.Release|Any CPU.Build.0 = Release|Any CPU
		{FD7E88D5-5F5A-4E75-997B-FF1F5F595C2A}.Debug|Any CPU.ActiveCfg = Debug|Any CPU
		{FD7E88D5-5F5A-4E75-997B-FF1F5F595C2A}.Debug|Any CPU.Build.0 = Debug|Any CPU
		{FD7E88D5-5F5A-4E75-997B-FF1F5F595C2A}.Release|Any CPU.ActiveCfg = Release|Any CPU
		{FD7E88D5-5F5A-4E75-997B-FF1F5F595C2A}.Release|Any CPU.Build.0 = Release|Any CPU
		{AE4845A8-E0BB-435B-AEA3-3CCFEB1A5B02}.Debug|Any CPU.ActiveCfg = Debug|Any CPU
		{AE4845A8-E0BB-435B-AEA3-3CCFEB1A5B02}.Debug|Any CPU.Build.0 = Debug|Any CPU
		{AE4845A8-E0BB-435B-AEA3-3CCFEB1A5B02}.Release|Any CPU.ActiveCfg = Release|Any CPU
		{AE4845A8-E0BB-435B-AEA3-3CCFEB1A5B02}.Release|Any CPU.Build.0 = Release|Any CPU
		{409BBA36-335F-4E0F-AA11-2DFA855D3648}.Debug|Any CPU.ActiveCfg = Debug|Any CPU
		{409BBA36-335F-4E0F-AA11-2DFA855D3648}.Debug|Any CPU.Build.0 = Debug|Any CPU
		{409BBA36-335F-4E0F-AA11-2DFA855D3648}.Release|Any CPU.ActiveCfg = Release|Any CPU
		{409BBA36-335F-4E0F-AA11-2DFA855D3648}.Release|Any CPU.Build.0 = Release|Any CPU
		{1107DA7F-A5EB-40B5-B4A4-A4736D5035F0}.Debug|Any CPU.ActiveCfg = Debug|Any CPU
		{1107DA7F-A5EB-40B5-B4A4-A4736D5035F0}.Debug|Any CPU.Build.0 = Debug|Any CPU
		{1107DA7F-A5EB-40B5-B4A4-A4736D5035F0}.Release|Any CPU.ActiveCfg = Release|Any CPU
		{1107DA7F-A5EB-40B5-B4A4-A4736D5035F0}.Release|Any CPU.Build.0 = Release|Any CPU
		{9493107E-E1BA-42C3-988B-67BB6E46EF59}.Debug|Any CPU.ActiveCfg = Debug|Any CPU
		{9493107E-E1BA-42C3-988B-67BB6E46EF59}.Debug|Any CPU.Build.0 = Debug|Any CPU
		{9493107E-E1BA-42C3-988B-67BB6E46EF59}.Release|Any CPU.ActiveCfg = Release|Any CPU
		{9493107E-E1BA-42C3-988B-67BB6E46EF59}.Release|Any CPU.Build.0 = Release|Any CPU
		{3EE5BAF2-8CF2-4968-8AF6-62F51284EA99}.Debug|Any CPU.ActiveCfg = Debug|Any CPU
		{3EE5BAF2-8CF2-4968-8AF6-62F51284EA99}.Debug|Any CPU.Build.0 = Debug|Any CPU
		{3EE5BAF2-8CF2-4968-8AF6-62F51284EA99}.Release|Any CPU.ActiveCfg = Release|Any CPU
		{3EE5BAF2-8CF2-4968-8AF6-62F51284EA99}.Release|Any CPU.Build.0 = Release|Any CPU
		{2991C3B4-8B8D-4DD2-A79A-FCC16B0B7414}.Debug|Any CPU.ActiveCfg = Debug|Any CPU
		{2991C3B4-8B8D-4DD2-A79A-FCC16B0B7414}.Debug|Any CPU.Build.0 = Debug|Any CPU
		{2991C3B4-8B8D-4DD2-A79A-FCC16B0B7414}.Release|Any CPU.ActiveCfg = Release|Any CPU
		{2991C3B4-8B8D-4DD2-A79A-FCC16B0B7414}.Release|Any CPU.Build.0 = Release|Any CPU
		{587EDD6A-469B-4B5B-9DD1-03BE0AF494F8}.Debug|Any CPU.ActiveCfg = Debug|Any CPU
		{587EDD6A-469B-4B5B-9DD1-03BE0AF494F8}.Debug|Any CPU.Build.0 = Debug|Any CPU
		{587EDD6A-469B-4B5B-9DD1-03BE0AF494F8}.Release|Any CPU.ActiveCfg = Release|Any CPU
		{587EDD6A-469B-4B5B-9DD1-03BE0AF494F8}.Release|Any CPU.Build.0 = Release|Any CPU
		{AAC4B68A-1397-4746-A147-35D01C998999}.Debug|Any CPU.ActiveCfg = Debug|Any CPU
		{AAC4B68A-1397-4746-A147-35D01C998999}.Debug|Any CPU.Build.0 = Debug|Any CPU
		{AAC4B68A-1397-4746-A147-35D01C998999}.Release|Any CPU.ActiveCfg = Release|Any CPU
		{AAC4B68A-1397-4746-A147-35D01C998999}.Release|Any CPU.Build.0 = Release|Any CPU
		{4C0557FE-D468-4B2A-8ADC-9ED8C39DF58B}.Debug|Any CPU.ActiveCfg = Debug|Any CPU
		{4C0557FE-D468-4B2A-8ADC-9ED8C39DF58B}.Debug|Any CPU.Build.0 = Debug|Any CPU
		{4C0557FE-D468-4B2A-8ADC-9ED8C39DF58B}.Release|Any CPU.ActiveCfg = Release|Any CPU
		{4C0557FE-D468-4B2A-8ADC-9ED8C39DF58B}.Release|Any CPU.Build.0 = Release|Any CPU
		{F89B4F1A-85F9-48FD-9111-0DAA788C3192}.Debug|Any CPU.ActiveCfg = Debug|Any CPU
		{F89B4F1A-85F9-48FD-9111-0DAA788C3192}.Debug|Any CPU.Build.0 = Debug|Any CPU
		{F89B4F1A-85F9-48FD-9111-0DAA788C3192}.Release|Any CPU.ActiveCfg = Release|Any CPU
		{F89B4F1A-85F9-48FD-9111-0DAA788C3192}.Release|Any CPU.Build.0 = Release|Any CPU
		{29BAD985-16A6-4E1B-99E5-D96C35519AA0}.Debug|Any CPU.ActiveCfg = Debug|Any CPU
		{29BAD985-16A6-4E1B-99E5-D96C35519AA0}.Debug|Any CPU.Build.0 = Debug|Any CPU
		{29BAD985-16A6-4E1B-99E5-D96C35519AA0}.Release|Any CPU.ActiveCfg = Release|Any CPU
		{29BAD985-16A6-4E1B-99E5-D96C35519AA0}.Release|Any CPU.Build.0 = Release|Any CPU
		{FA9F3378-57C7-425D-9962-92056BFF894A}.Debug|Any CPU.ActiveCfg = Debug|Any CPU
		{FA9F3378-57C7-425D-9962-92056BFF894A}.Debug|Any CPU.Build.0 = Debug|Any CPU
		{FA9F3378-57C7-425D-9962-92056BFF894A}.Release|Any CPU.ActiveCfg = Release|Any CPU
		{FA9F3378-57C7-425D-9962-92056BFF894A}.Release|Any CPU.Build.0 = Release|Any CPU
	EndGlobalSection
	GlobalSection(SolutionProperties) = preSolution
		HideSolutionNode = FALSE
	EndGlobalSection
	GlobalSection(ExtensibilityGlobals) = postSolution
		SolutionGuid = {762AAB60-9876-44D6-9D3D-CF34E398DDB3}
	EndGlobalSection
EndGlobal
