
Microsoft Visual Studio Solution File, Format Version 12.00
# Visual Studio Version 17
VisualStudioVersion = 17.3.32825.248
MinimumVisualStudioVersion = 10.0.40219.1
Project("{FAE04EC0-301F-11D3-BF4B-00C04F79EFBC}") = "TiposDeDados1", "TiposDeDados1\TiposDeDados1.csproj", "{450A3B14-6426-4E99-8EC2-67A24F63194F}"
EndProject
Project("{FAE04EC0-301F-11D3-BF4B-00C04F79EFBC}") = "TiposDeDados2", "TiposDeDados2\TiposDeDados2.csproj", "{7279CB76-F91D-4D2C-ADAE-2B35F5228804}"
EndProject
Project("{FAE04EC0-301F-11D3-BF4B-00C04F79EFBC}") = "TipoDeDados3", "TipoDeDados3\TipoDeDados3.csproj", "{DC202B08-90A5-444E-98E5-C95ABBE8AC4A}"
EndProject
Project("{FAE04EC0-301F-11D3-BF4B-00C04F79EFBC}") = "TiposDeDados4", "TiposDeDados4\TiposDeDados4.csproj", "{F966D1EC-F9BE-45AB-8072-64C0FDFFDAF1}"
EndProject
Project("{FAE04EC0-301F-11D3-BF4B-00C04F79EFBC}") = "TipoDateTime1", "TipoDateTime1\TipoDateTime1.csproj", "{A7C58123-B67B-4591-AA93-24E9B8966E5D}"
EndProject
Global
	GlobalSection(SolutionConfigurationPlatforms) = preSolution
		Debug|Any CPU = Debug|Any CPU
		Release|Any CPU = Release|Any CPU
	EndGlobalSection
	GlobalSection(ProjectConfigurationPlatforms) = postSolution
		{450A3B14-6426-4E99-8EC2-67A24F63194F}.Debug|Any CPU.ActiveCfg = Debug|Any CPU
		{450A3B14-6426-4E99-8EC2-67A24F63194F}.Debug|Any CPU.Build.0 = Debug|Any CPU
		{450A3B14-6426-4E99-8EC2-67A24F63194F}.Release|Any CPU.ActiveCfg = Release|Any CPU
		{450A3B14-6426-4E99-8EC2-67A24F63194F}.Release|Any CPU.Build.0 = Release|Any CPU
		{7279CB76-F91D-4D2C-ADAE-2B35F5228804}.Debug|Any CPU.ActiveCfg = Debug|Any CPU
		{7279CB76-F91D-4D2C-ADAE-2B35F5228804}.Debug|Any CPU.Build.0 = Debug|Any CPU
		{7279CB76-F91D-4D2C-ADAE-2B35F5228804}.Release|Any CPU.ActiveCfg = Release|Any CPU
		{7279CB76-F91D-4D2C-ADAE-2B35F5228804}.Release|Any CPU.Build.0 = Release|Any CPU
		{DC202B08-90A5-444E-98E5-C95ABBE8AC4A}.Debug|Any CPU.ActiveCfg = Debug|Any CPU
		{DC202B08-90A5-444E-98E5-C95ABBE8AC4A}.Debug|Any CPU.Build.0 = Debug|Any CPU
		{DC202B08-90A5-444E-98E5-C95ABBE8AC4A}.Release|Any CPU.ActiveCfg = Release|Any CPU
		{DC202B08-90A5-444E-98E5-C95ABBE8AC4A}.Release|Any CPU.Build.0 = Release|Any CPU
		{F966D1EC-F9BE-45AB-8072-64C0FDFFDAF1}.Debug|Any CPU.ActiveCfg = Debug|Any CPU
		{F966D1EC-F9BE-45AB-8072-64C0FDFFDAF1}.Debug|Any CPU.Build.0 = Debug|Any CPU
		{F966D1EC-F9BE-45AB-8072-64C0FDFFDAF1}.Release|Any CPU.ActiveCfg = Release|Any CPU
		{F966D1EC-F9BE-45AB-8072-64C0FDFFDAF1}.Release|Any CPU.Build.0 = Release|Any CPU
		{A7C58123-B67B-4591-AA93-24E9B8966E5D}.Debug|Any CPU.ActiveCfg = Debug|Any CPU
		{A7C58123-B67B-4591-AA93-24E9B8966E5D}.Debug|Any CPU.Build.0 = Debug|Any CPU
		{A7C58123-B67B-4591-AA93-24E9B8966E5D}.Release|Any CPU.ActiveCfg = Release|Any CPU
		{A7C58123-B67B-4591-AA93-24E9B8966E5D}.Release|Any CPU.Build.0 = Release|Any CPU
	EndGlobalSection
	GlobalSection(SolutionProperties) = preSolution
		HideSolutionNode = FALSE
	EndGlobalSection
	GlobalSection(ExtensibilityGlobals) = postSolution
		SolutionGuid = {AE20309D-7865-448D-9D7F-76F65DC4B6E7}
	EndGlobalSection
EndGlobal
