
Microsoft Visual Studio Solution File, Format Version 12.00
# Visual Studio Version 17
VisualStudioVersion = 17.3.32825.248
MinimumVisualStudioVersion = 10.0.40219.1
Project("{9A19103F-16F7-4668-BE54-9A1E7A4F7556}") = "TiposDeDados1", "TiposDeDados1\TiposDeDados1.csproj", "{450A3B14-6426-4E99-8EC2-67A24F63194F}"
EndProject
Project("{9A19103F-16F7-4668-BE54-9A1E7A4F7556}") = "TiposDeDados2", "TiposDeDados2\TiposDeDados2.csproj", "{7279CB76-F91D-4D2C-ADAE-2B35F5228804}"
EndProject
Project("{9A19103F-16F7-4668-BE54-9A1E7A4F7556}") = "TipoDeDados3", "TipoDeDados3\TipoDeDados3.csproj", "{DC202B08-90A5-444E-98E5-C95ABBE8AC4A}"
EndProject
Project("{9A19103F-16F7-4668-BE54-9A1E7A4F7556}") = "TiposDeDados4", "TiposDeDados4\TiposDeDados4.csproj", "{F966D1EC-F9BE-45AB-8072-64C0FDFFDAF1}"
EndProject
Project("{9A19103F-16F7-4668-BE54-9A1E7A4F7556}") = "TipoDateTime1", "TipoDateTime1\TipoDateTime1.csproj", "{A7C58123-B67B-4591-AA93-24E9B8966E5D}"
EndProject
Project("{9A19103F-16F7-4668-BE54-9A1E7A4F7556}") = "TipoDateTime1Aprofundando", "TipoDateTime1Aprofundando\TipoDateTime1Aprofundando.csproj", "{455524FE-0F49-4592-AB4C-85360E6E210C}"
EndProject
Project("{9A19103F-16F7-4668-BE54-9A1E7A4F7556}") = "NullableTypes1", "NullableTypes1\NullableTypes1.csproj", "{E6E39E01-2ED2-4FA8-8E66-94E03462B61F}"
EndProject
Project("{9A19103F-16F7-4668-BE54-9A1E7A4F7556}") = "NullableTypeCoalescencia", "NullableTypeCoalescencia\NullableTypeCoalescencia.csproj", "{7C5B72EB-E871-4E46-9B4F-6FD046561097}"
EndProject
Project("{9A19103F-16F7-4668-BE54-9A1E7A4F7556}") = "NullableTypeHasValueAndValue", "NullableTypeHasValueAndValue\NullableTypeHasValueAndValue.csproj", "{65DE3F3F-B962-4B9B-905D-1AF9DE4CB0F2}"
EndProject
Project("{9A19103F-16F7-4668-BE54-9A1E7A4F7556}") = "Identificadores", "Identificadores\Identificadores.csproj", "{60FC8A1C-383E-4D68-ABF3-8544742554A2}"
EndProject
Project("{9A19103F-16F7-4668-BE54-9A1E7A4F7556}") = "SaidaDados", "SaidaDados\SaidaDados.csproj", "{D196792A-1FF0-4D26-BA83-AA9D6D0E8F62}"
EndProject
Project("{9A19103F-16F7-4668-BE54-9A1E7A4F7556}") = "SaidaDados2", "SaidaDados2\SaidaDados2.csproj", "{A10AF4A7-B496-447C-B3A6-562F74E70E57}"
EndProject
Project("{9A19103F-16F7-4668-BE54-9A1E7A4F7556}") = "ConversaoTipos1", "ConversaoTipos1\ConversaoTipos1.csproj", "{D6119F70-5F2E-4869-9574-07D6128E898C}"
EndProject
Project("{9A19103F-16F7-4668-BE54-9A1E7A4F7556}") = "ExplicitaConversaoTipos1", "ExplicitaConversaoTipos1\ExplicitaConversaoTipos1.csproj", "{59F7B528-63DC-4FA6-A1B0-E04807FA6859}"
EndProject
Project("{9A19103F-16F7-4668-BE54-9A1E7A4F7556}") = "ToStringConversaoTipo1", "ToStringConversaoTipo1\ToStringConversaoTipo1.csproj", "{AB08CF2C-1FAA-419E-8EB6-8811F8163EC3}"
EndProject
Project("{9A19103F-16F7-4668-BE54-9A1E7A4F7556}") = "ConvertClassConversaoTipo1", "ConvertClassConversaoTipo1\ConvertClassConversaoTipo1.csproj", "{2183FEAE-99BC-4119-BE0B-B6778F395DDB}"
EndProject
Project("{9A19103F-16F7-4668-BE54-9A1E7A4F7556}") = "EntradaDeDados", "EntradaDeDados\EntradaDeDados.csproj", "{14651FE0-7283-4AB6-BC87-F155DA9649F6}"
EndProject
Project("{9A19103F-16F7-4668-BE54-9A1E7A4F7556}") = "OperadoresAritmeticos", "OperadoresAritmeticos\OperadoresAritmeticos.csproj", "{DDC03017-276D-4118-838A-F339E7C3951B}"
EndProject
Project("{FAE04EC0-301F-11D3-BF4B-00C04F79EFBC}") = "OperadoresAtribuicao", "OperadoresAtribuicao\OperadoresAtribuicao.csproj", "{7BDAFCC6-2423-471F-BDD2-E206D6419330}"
EndProject
Project("{FAE04EC0-301F-11D3-BF4B-00C04F79EFBC}") = "Constantes1", "Constantes1\Constantes1.csproj", "{4B1F3B23-F75A-492B-976B-45D53F7E8BEF}"
EndProject
Project("{FAE04EC0-301F-11D3-BF4B-00C04F79EFBC}") = "ConstantesAreaCircurlo", "ConstantesAreaCircurlo\ConstantesAreaCircurlo.csproj", "{99F60544-0F89-4DB7-947E-540DF7F74C7D}"
EndProject
Project("{FAE04EC0-301F-11D3-BF4B-00C04F79EFBC}") = "OperadorIncrementoDecremento", "OperadorIncrementoDecremento\OperadorIncrementoDecremento.csproj", "{20BD4346-6561-4CAA-9E1C-236B7DCFFCAD}"
EndProject
Project("{FAE04EC0-301F-11D3-BF4B-00C04F79EFBC}") = "OperadoresRelacionais1", "OperadoresRelacionais1\OperadoresRelacionais1.csproj", "{CB5D4C16-A606-46F5-B288-A0CCD49AB6B7}"
EndProject
Project("{FAE04EC0-301F-11D3-BF4B-00C04F79EFBC}") = "OperadoresLogicos1", "OperadoresLogicos1\OperadoresLogicos1.csproj", "{FB0035FA-642B-43AD-A2D0-427EABDE7A69}"
EndProject
Project("{FAE04EC0-301F-11D3-BF4B-00C04F79EFBC}") = "PrecedenciaOperadores1", "PrecedenciaOperadores1\PrecedenciaOperadores1.csproj", "{F094E724-EFA5-4E5B-8081-1E3805514CD6}"
EndProject
Project("{FAE04EC0-301F-11D3-BF4B-00C04F79EFBC}") = "TiposReferenciaAnulaveis", "TiposReferenciaAnulaveis\TiposReferenciaAnulaveis.csproj", "{78B6A79E-9B0C-4072-8A2F-1993B98EF7BB}"
EndProject
Project("{FAE04EC0-301F-11D3-BF4B-00C04F79EFBC}") = "OperadorUniarioTernario1", "OperadorUniarioTernario1\OperadorUniarioTernario1.csproj", "{E0FFBC7C-B4F4-4E9F-AF72-9786C8D19396}"
EndProject
Project("{FAE04EC0-301F-11D3-BF4B-00C04F79EFBC}") = "LógicaTernário", "LógicaTernário\LógicaTernário.csproj", "{0BF6A8BF-F21C-40FE-902A-D7C655F9A2F3}"
EndProject
Global
	GlobalSection(SolutionConfigurationPlatforms) = preSolution
		Debug|Any CPU = Debug|Any CPU
		Release|Any CPU = Release|Any CPU
	EndGlobalSection
	GlobalSection(ProjectConfigurationPlatforms) = postSolution
		{450A3B14-6426-4E99-8EC2-67A24F63194F}.Debug|Any CPU.ActiveCfg = Debug|Any CPU
		{450A3B14-6426-4E99-8EC2-67A24F63194F}.Debug|Any CPU.Build.0 = Debug|Any CPU
		{450A3B14-6426-4E99-8EC2-67A24F63194F}.Release|Any CPU.ActiveCfg = Release|Any CPU
		{450A3B14-6426-4E99-8EC2-67A24F63194F}.Release|Any CPU.Build.0 = Release|Any CPU
		{7279CB76-F91D-4D2C-ADAE-2B35F5228804}.Debug|Any CPU.ActiveCfg = Debug|Any CPU
		{7279CB76-F91D-4D2C-ADAE-2B35F5228804}.Debug|Any CPU.Build.0 = Debug|Any CPU
		{7279CB76-F91D-4D2C-ADAE-2B35F5228804}.Release|Any CPU.ActiveCfg = Release|Any CPU
		{7279CB76-F91D-4D2C-ADAE-2B35F5228804}.Release|Any CPU.Build.0 = Release|Any CPU
		{DC202B08-90A5-444E-98E5-C95ABBE8AC4A}.Debug|Any CPU.ActiveCfg = Debug|Any CPU
		{DC202B08-90A5-444E-98E5-C95ABBE8AC4A}.Debug|Any CPU.Build.0 = Debug|Any CPU
		{DC202B08-90A5-444E-98E5-C95ABBE8AC4A}.Release|Any CPU.ActiveCfg = Release|Any CPU
		{DC202B08-90A5-444E-98E5-C95ABBE8AC4A}.Release|Any CPU.Build.0 = Release|Any CPU
		{F966D1EC-F9BE-45AB-8072-64C0FDFFDAF1}.Debug|Any CPU.ActiveCfg = Debug|Any CPU
		{F966D1EC-F9BE-45AB-8072-64C0FDFFDAF1}.Debug|Any CPU.Build.0 = Debug|Any CPU
		{F966D1EC-F9BE-45AB-8072-64C0FDFFDAF1}.Release|Any CPU.ActiveCfg = Release|Any CPU
		{F966D1EC-F9BE-45AB-8072-64C0FDFFDAF1}.Release|Any CPU.Build.0 = Release|Any CPU
		{A7C58123-B67B-4591-AA93-24E9B8966E5D}.Debug|Any CPU.ActiveCfg = Debug|Any CPU
		{A7C58123-B67B-4591-AA93-24E9B8966E5D}.Debug|Any CPU.Build.0 = Debug|Any CPU
		{A7C58123-B67B-4591-AA93-24E9B8966E5D}.Release|Any CPU.ActiveCfg = Release|Any CPU
		{A7C58123-B67B-4591-AA93-24E9B8966E5D}.Release|Any CPU.Build.0 = Release|Any CPU
		{455524FE-0F49-4592-AB4C-85360E6E210C}.Debug|Any CPU.ActiveCfg = Debug|Any CPU
		{455524FE-0F49-4592-AB4C-85360E6E210C}.Debug|Any CPU.Build.0 = Debug|Any CPU
		{455524FE-0F49-4592-AB4C-85360E6E210C}.Release|Any CPU.ActiveCfg = Release|Any CPU
		{455524FE-0F49-4592-AB4C-85360E6E210C}.Release|Any CPU.Build.0 = Release|Any CPU
		{E6E39E01-2ED2-4FA8-8E66-94E03462B61F}.Debug|Any CPU.ActiveCfg = Debug|Any CPU
		{E6E39E01-2ED2-4FA8-8E66-94E03462B61F}.Debug|Any CPU.Build.0 = Debug|Any CPU
		{E6E39E01-2ED2-4FA8-8E66-94E03462B61F}.Release|Any CPU.ActiveCfg = Release|Any CPU
		{E6E39E01-2ED2-4FA8-8E66-94E03462B61F}.Release|Any CPU.Build.0 = Release|Any CPU
		{7C5B72EB-E871-4E46-9B4F-6FD046561097}.Debug|Any CPU.ActiveCfg = Debug|Any CPU
		{7C5B72EB-E871-4E46-9B4F-6FD046561097}.Debug|Any CPU.Build.0 = Debug|Any CPU
		{7C5B72EB-E871-4E46-9B4F-6FD046561097}.Release|Any CPU.ActiveCfg = Release|Any CPU
		{7C5B72EB-E871-4E46-9B4F-6FD046561097}.Release|Any CPU.Build.0 = Release|Any CPU
		{65DE3F3F-B962-4B9B-905D-1AF9DE4CB0F2}.Debug|Any CPU.ActiveCfg = Debug|Any CPU
		{65DE3F3F-B962-4B9B-905D-1AF9DE4CB0F2}.Debug|Any CPU.Build.0 = Debug|Any CPU
		{65DE3F3F-B962-4B9B-905D-1AF9DE4CB0F2}.Release|Any CPU.ActiveCfg = Release|Any CPU
		{65DE3F3F-B962-4B9B-905D-1AF9DE4CB0F2}.Release|Any CPU.Build.0 = Release|Any CPU
		{60FC8A1C-383E-4D68-ABF3-8544742554A2}.Debug|Any CPU.ActiveCfg = Debug|Any CPU
		{60FC8A1C-383E-4D68-ABF3-8544742554A2}.Debug|Any CPU.Build.0 = Debug|Any CPU
		{60FC8A1C-383E-4D68-ABF3-8544742554A2}.Release|Any CPU.ActiveCfg = Release|Any CPU
		{60FC8A1C-383E-4D68-ABF3-8544742554A2}.Release|Any CPU.Build.0 = Release|Any CPU
		{D196792A-1FF0-4D26-BA83-AA9D6D0E8F62}.Debug|Any CPU.ActiveCfg = Debug|Any CPU
		{D196792A-1FF0-4D26-BA83-AA9D6D0E8F62}.Debug|Any CPU.Build.0 = Debug|Any CPU
		{D196792A-1FF0-4D26-BA83-AA9D6D0E8F62}.Release|Any CPU.ActiveCfg = Release|Any CPU
		{D196792A-1FF0-4D26-BA83-AA9D6D0E8F62}.Release|Any CPU.Build.0 = Release|Any CPU
		{A10AF4A7-B496-447C-B3A6-562F74E70E57}.Debug|Any CPU.ActiveCfg = Debug|Any CPU
		{A10AF4A7-B496-447C-B3A6-562F74E70E57}.Debug|Any CPU.Build.0 = Debug|Any CPU
		{A10AF4A7-B496-447C-B3A6-562F74E70E57}.Release|Any CPU.ActiveCfg = Release|Any CPU
		{A10AF4A7-B496-447C-B3A6-562F74E70E57}.Release|Any CPU.Build.0 = Release|Any CPU
		{D6119F70-5F2E-4869-9574-07D6128E898C}.Debug|Any CPU.ActiveCfg = Debug|Any CPU
		{D6119F70-5F2E-4869-9574-07D6128E898C}.Debug|Any CPU.Build.0 = Debug|Any CPU
		{D6119F70-5F2E-4869-9574-07D6128E898C}.Release|Any CPU.ActiveCfg = Release|Any CPU
		{D6119F70-5F2E-4869-9574-07D6128E898C}.Release|Any CPU.Build.0 = Release|Any CPU
		{59F7B528-63DC-4FA6-A1B0-E04807FA6859}.Debug|Any CPU.ActiveCfg = Debug|Any CPU
		{59F7B528-63DC-4FA6-A1B0-E04807FA6859}.Debug|Any CPU.Build.0 = Debug|Any CPU
		{59F7B528-63DC-4FA6-A1B0-E04807FA6859}.Release|Any CPU.ActiveCfg = Release|Any CPU
		{59F7B528-63DC-4FA6-A1B0-E04807FA6859}.Release|Any CPU.Build.0 = Release|Any CPU
		{AB08CF2C-1FAA-419E-8EB6-8811F8163EC3}.Debug|Any CPU.ActiveCfg = Debug|Any CPU
		{AB08CF2C-1FAA-419E-8EB6-8811F8163EC3}.Debug|Any CPU.Build.0 = Debug|Any CPU
		{AB08CF2C-1FAA-419E-8EB6-8811F8163EC3}.Release|Any CPU.ActiveCfg = Release|Any CPU
		{AB08CF2C-1FAA-419E-8EB6-8811F8163EC3}.Release|Any CPU.Build.0 = Release|Any CPU
		{2183FEAE-99BC-4119-BE0B-B6778F395DDB}.Debug|Any CPU.ActiveCfg = Debug|Any CPU
		{2183FEAE-99BC-4119-BE0B-B6778F395DDB}.Debug|Any CPU.Build.0 = Debug|Any CPU
		{2183FEAE-99BC-4119-BE0B-B6778F395DDB}.Release|Any CPU.ActiveCfg = Release|Any CPU
		{2183FEAE-99BC-4119-BE0B-B6778F395DDB}.Release|Any CPU.Build.0 = Release|Any CPU
		{14651FE0-7283-4AB6-BC87-F155DA9649F6}.Debug|Any CPU.ActiveCfg = Debug|Any CPU
		{14651FE0-7283-4AB6-BC87-F155DA9649F6}.Debug|Any CPU.Build.0 = Debug|Any CPU
		{14651FE0-7283-4AB6-BC87-F155DA9649F6}.Release|Any CPU.ActiveCfg = Release|Any CPU
		{14651FE0-7283-4AB6-BC87-F155DA9649F6}.Release|Any CPU.Build.0 = Release|Any CPU
		{DDC03017-276D-4118-838A-F339E7C3951B}.Debug|Any CPU.ActiveCfg = Debug|Any CPU
		{DDC03017-276D-4118-838A-F339E7C3951B}.Debug|Any CPU.Build.0 = Debug|Any CPU
		{DDC03017-276D-4118-838A-F339E7C3951B}.Release|Any CPU.ActiveCfg = Release|Any CPU
		{DDC03017-276D-4118-838A-F339E7C3951B}.Release|Any CPU.Build.0 = Release|Any CPU
		{7BDAFCC6-2423-471F-BDD2-E206D6419330}.Debug|Any CPU.ActiveCfg = Debug|Any CPU
		{7BDAFCC6-2423-471F-BDD2-E206D6419330}.Debug|Any CPU.Build.0 = Debug|Any CPU
		{7BDAFCC6-2423-471F-BDD2-E206D6419330}.Release|Any CPU.ActiveCfg = Release|Any CPU
		{7BDAFCC6-2423-471F-BDD2-E206D6419330}.Release|Any CPU.Build.0 = Release|Any CPU
		{4B1F3B23-F75A-492B-976B-45D53F7E8BEF}.Debug|Any CPU.ActiveCfg = Debug|Any CPU
		{4B1F3B23-F75A-492B-976B-45D53F7E8BEF}.Debug|Any CPU.Build.0 = Debug|Any CPU
		{4B1F3B23-F75A-492B-976B-45D53F7E8BEF}.Release|Any CPU.ActiveCfg = Release|Any CPU
		{4B1F3B23-F75A-492B-976B-45D53F7E8BEF}.Release|Any CPU.Build.0 = Release|Any CPU
		{99F60544-0F89-4DB7-947E-540DF7F74C7D}.Debug|Any CPU.ActiveCfg = Debug|Any CPU
		{99F60544-0F89-4DB7-947E-540DF7F74C7D}.Debug|Any CPU.Build.0 = Debug|Any CPU
		{99F60544-0F89-4DB7-947E-540DF7F74C7D}.Release|Any CPU.ActiveCfg = Release|Any CPU
		{99F60544-0F89-4DB7-947E-540DF7F74C7D}.Release|Any CPU.Build.0 = Release|Any CPU
		{20BD4346-6561-4CAA-9E1C-236B7DCFFCAD}.Debug|Any CPU.ActiveCfg = Debug|Any CPU
		{20BD4346-6561-4CAA-9E1C-236B7DCFFCAD}.Debug|Any CPU.Build.0 = Debug|Any CPU
		{20BD4346-6561-4CAA-9E1C-236B7DCFFCAD}.Release|Any CPU.ActiveCfg = Release|Any CPU
		{20BD4346-6561-4CAA-9E1C-236B7DCFFCAD}.Release|Any CPU.Build.0 = Release|Any CPU
		{CB5D4C16-A606-46F5-B288-A0CCD49AB6B7}.Debug|Any CPU.ActiveCfg = Debug|Any CPU
		{CB5D4C16-A606-46F5-B288-A0CCD49AB6B7}.Debug|Any CPU.Build.0 = Debug|Any CPU
		{CB5D4C16-A606-46F5-B288-A0CCD49AB6B7}.Release|Any CPU.ActiveCfg = Release|Any CPU
		{CB5D4C16-A606-46F5-B288-A0CCD49AB6B7}.Release|Any CPU.Build.0 = Release|Any CPU
		{FB0035FA-642B-43AD-A2D0-427EABDE7A69}.Debug|Any CPU.ActiveCfg = Debug|Any CPU
		{FB0035FA-642B-43AD-A2D0-427EABDE7A69}.Debug|Any CPU.Build.0 = Debug|Any CPU
		{FB0035FA-642B-43AD-A2D0-427EABDE7A69}.Release|Any CPU.ActiveCfg = Release|Any CPU
		{FB0035FA-642B-43AD-A2D0-427EABDE7A69}.Release|Any CPU.Build.0 = Release|Any CPU
		{F094E724-EFA5-4E5B-8081-1E3805514CD6}.Debug|Any CPU.ActiveCfg = Debug|Any CPU
		{F094E724-EFA5-4E5B-8081-1E3805514CD6}.Debug|Any CPU.Build.0 = Debug|Any CPU
		{F094E724-EFA5-4E5B-8081-1E3805514CD6}.Release|Any CPU.ActiveCfg = Release|Any CPU
		{F094E724-EFA5-4E5B-8081-1E3805514CD6}.Release|Any CPU.Build.0 = Release|Any CPU
		{78B6A79E-9B0C-4072-8A2F-1993B98EF7BB}.Debug|Any CPU.ActiveCfg = Debug|Any CPU
		{78B6A79E-9B0C-4072-8A2F-1993B98EF7BB}.Debug|Any CPU.Build.0 = Debug|Any CPU
		{78B6A79E-9B0C-4072-8A2F-1993B98EF7BB}.Release|Any CPU.ActiveCfg = Release|Any CPU
		{78B6A79E-9B0C-4072-8A2F-1993B98EF7BB}.Release|Any CPU.Build.0 = Release|Any CPU
		{E0FFBC7C-B4F4-4E9F-AF72-9786C8D19396}.Debug|Any CPU.ActiveCfg = Debug|Any CPU
		{E0FFBC7C-B4F4-4E9F-AF72-9786C8D19396}.Debug|Any CPU.Build.0 = Debug|Any CPU
		{E0FFBC7C-B4F4-4E9F-AF72-9786C8D19396}.Release|Any CPU.ActiveCfg = Release|Any CPU
		{E0FFBC7C-B4F4-4E9F-AF72-9786C8D19396}.Release|Any CPU.Build.0 = Release|Any CPU
		{0BF6A8BF-F21C-40FE-902A-D7C655F9A2F3}.Debug|Any CPU.ActiveCfg = Debug|Any CPU
		{0BF6A8BF-F21C-40FE-902A-D7C655F9A2F3}.Debug|Any CPU.Build.0 = Debug|Any CPU
		{0BF6A8BF-F21C-40FE-902A-D7C655F9A2F3}.Release|Any CPU.ActiveCfg = Release|Any CPU
		{0BF6A8BF-F21C-40FE-902A-D7C655F9A2F3}.Release|Any CPU.Build.0 = Release|Any CPU
	EndGlobalSection
	GlobalSection(SolutionProperties) = preSolution
		HideSolutionNode = FALSE
	EndGlobalSection
	GlobalSection(ExtensibilityGlobals) = postSolution
		SolutionGuid = {AE20309D-7865-448D-9D7F-76F65DC4B6E7}
	EndGlobalSection
EndGlobal
