
Microsoft Visual Studio Solution File, Format Version 12.00
# Visual Studio Version 17
VisualStudioVersion = 17.3.32825.248
MinimumVisualStudioVersion = 10.0.40219.1
Project("{9A19103F-16F7-4668-BE54-9A1E7A4F7556}") = "ClassesMetodos", "ClassesMetodos\ClassesMetodos.csproj", "{184CBC6E-CD6D-40A4-980A-D288CAD0590F}"
EndProject
Project("{9A19103F-16F7-4668-BE54-9A1E7A4F7556}") = "2Metods", "2Metods\2Metods.csproj", "{65BD5065-B6A8-4C7A-8570-6F3A8A15EE1D}"
EndProject
Project("{9A19103F-16F7-4668-BE54-9A1E7A4F7556}") = "3MetodosParametros", "3MetodosParametros\3MetodosParametros.csproj", "{8EC3F1D5-3177-40B6-9251-0D0F7174B4B3}"
EndProject
Project("{9A19103F-16F7-4668-BE54-9A1E7A4F7556}") = "4MetodosParametros", "4MetodosParametros\4MetodosParametros.csproj", "{FAD947F9-0BC3-43F2-BBAA-3427B8E2C4F3}"
EndProject
Project("{9A19103F-16F7-4668-BE54-9A1E7A4F7556}") = "5Construtores", "5Construtores\5Construtores.csproj", "{0F8C6FEC-423E-440C-9945-3BE43215134C}"
EndProject
Project("{9A19103F-16F7-4668-BE54-9A1E7A4F7556}") = "6This", "6This\6This.csproj", "{F5177CBA-DDAC-49D1-B025-033C8C202C3B}"
EndProject
Project("{9A19103F-16F7-4668-BE54-9A1E7A4F7556}") = "6This2", "6This2\6This2.csproj", "{F586ADE5-AB5A-42D6-813F-A7C0E5C23B63}"
EndProject
Project("{9A19103F-16F7-4668-BE54-9A1E7A4F7556}") = "6MetodosComRetorno", "6MetodosComRetorno\6MetodosComRetorno.csproj", "{A332FE58-9549-42E0-9B28-7E0BEF4D3BFC}"
EndProject
Project("{9A19103F-16F7-4668-BE54-9A1E7A4F7556}") = "7MetodosSobreCarga", "7MetodosSobreCarga\7MetodosSobreCarga.csproj", "{13D013C1-AC96-402D-8747-B0EACA6879C6}"
EndProject
Project("{9A19103F-16F7-4668-BE54-9A1E7A4F7556}") = "8MetodosNaPratica", "8MetodosNaPratica\8MetodosNaPratica.csproj", "{43B07287-B8EE-4175-A2ED-D10CF9603A6A}"
EndProject
Project("{9A19103F-16F7-4668-BE54-9A1E7A4F7556}") = "11PassandoArgumentosPorValor", "11PassandoArgumentosPorValor\11PassandoArgumentosPorValor.csproj", "{C89EAE61-E776-4C1B-9A40-DAC09732E4A0}"
EndProject
Project("{9A19103F-16F7-4668-BE54-9A1E7A4F7556}") = "12PassandoArgumentoPorReferencia", "12PassandoArgumentoPorReferencia\12PassandoArgumentoPorReferencia.csproj", "{4476C6BE-B853-4E6A-9633-9D4F8B2A2575}"
EndProject
Project("{9A19103F-16F7-4668-BE54-9A1E7A4F7556}") = "13PassandoArgumentosPorReferenciaOut", "13PassandoArgumentosPorReferenciaOut\13PassandoArgumentosPorReferenciaOut.csproj", "{E292C7A5-B5E1-4FD9-BEC7-4A806CA57ACA}"
EndProject
Project("{9A19103F-16F7-4668-BE54-9A1E7A4F7556}") = "9ArgumentosNomeados", "9ArgumentosNomeados\9ArgumentosNomeados.csproj", "{2C6AEC42-BB24-461B-81F3-FD1FF9C10EA4}"
EndProject
Project("{9A19103F-16F7-4668-BE54-9A1E7A4F7556}") = "10ParametrosOpcionais", "10ParametrosOpcionais\10ParametrosOpcionais.csproj", "{6AEC048B-B6CC-4387-8C40-492F4FB036B7}"
EndProject
Project("{9A19103F-16F7-4668-BE54-9A1E7A4F7556}") = "14MetodosEstaticos", "14MetodosEstaticos\14MetodosEstaticos.csproj", "{C072748F-B79D-49FC-97AA-F2DC3B9BC8D0}"
EndProject
Project("{9A19103F-16F7-4668-BE54-9A1E7A4F7556}") = "15CamposEstaticos", "15CamposEstaticos\15CamposEstaticos.csproj", "{930BBE29-E8AC-4832-B4D8-EA252087333C}"
EndProject
Project("{9A19103F-16F7-4668-BE54-9A1E7A4F7556}") = "15CamposEstaticosExercicio", "15CamposEstaticosExercicio\15CamposEstaticosExercicio.csproj", "{81355774-790C-4F4C-A071-326C06F29C56}"
EndProject
Project("{9A19103F-16F7-4668-BE54-9A1E7A4F7556}") = "15ConstrutorEstatico", "15ConstrutorEstatico\15ConstrutorEstatico.csproj", "{225A9FD4-6927-4F05-A25F-164D3797D75E}"
EndProject
Project("{FAE04EC0-301F-11D3-BF4B-00C04F79EFBC}") = "16Propriedades", "16Propriedades\16Propriedades.csproj", "{E9187355-ABE8-41F7-97F0-87192F7AB8D1}"
EndProject
Global
	GlobalSection(SolutionConfigurationPlatforms) = preSolution
		Debug|Any CPU = Debug|Any CPU
		Release|Any CPU = Release|Any CPU
	EndGlobalSection
	GlobalSection(ProjectConfigurationPlatforms) = postSolution
		{184CBC6E-CD6D-40A4-980A-D288CAD0590F}.Debug|Any CPU.ActiveCfg = Debug|Any CPU
		{184CBC6E-CD6D-40A4-980A-D288CAD0590F}.Debug|Any CPU.Build.0 = Debug|Any CPU
		{184CBC6E-CD6D-40A4-980A-D288CAD0590F}.Release|Any CPU.ActiveCfg = Release|Any CPU
		{184CBC6E-CD6D-40A4-980A-D288CAD0590F}.Release|Any CPU.Build.0 = Release|Any CPU
		{65BD5065-B6A8-4C7A-8570-6F3A8A15EE1D}.Debug|Any CPU.ActiveCfg = Debug|Any CPU
		{65BD5065-B6A8-4C7A-8570-6F3A8A15EE1D}.Debug|Any CPU.Build.0 = Debug|Any CPU
		{65BD5065-B6A8-4C7A-8570-6F3A8A15EE1D}.Release|Any CPU.ActiveCfg = Release|Any CPU
		{65BD5065-B6A8-4C7A-8570-6F3A8A15EE1D}.Release|Any CPU.Build.0 = Release|Any CPU
		{8EC3F1D5-3177-40B6-9251-0D0F7174B4B3}.Debug|Any CPU.ActiveCfg = Debug|Any CPU
		{8EC3F1D5-3177-40B6-9251-0D0F7174B4B3}.Debug|Any CPU.Build.0 = Debug|Any CPU
		{8EC3F1D5-3177-40B6-9251-0D0F7174B4B3}.Release|Any CPU.ActiveCfg = Release|Any CPU
		{8EC3F1D5-3177-40B6-9251-0D0F7174B4B3}.Release|Any CPU.Build.0 = Release|Any CPU
		{FAD947F9-0BC3-43F2-BBAA-3427B8E2C4F3}.Debug|Any CPU.ActiveCfg = Debug|Any CPU
		{FAD947F9-0BC3-43F2-BBAA-3427B8E2C4F3}.Debug|Any CPU.Build.0 = Debug|Any CPU
		{FAD947F9-0BC3-43F2-BBAA-3427B8E2C4F3}.Release|Any CPU.ActiveCfg = Release|Any CPU
		{FAD947F9-0BC3-43F2-BBAA-3427B8E2C4F3}.Release|Any CPU.Build.0 = Release|Any CPU
		{0F8C6FEC-423E-440C-9945-3BE43215134C}.Debug|Any CPU.ActiveCfg = Debug|Any CPU
		{0F8C6FEC-423E-440C-9945-3BE43215134C}.Debug|Any CPU.Build.0 = Debug|Any CPU
		{0F8C6FEC-423E-440C-9945-3BE43215134C}.Release|Any CPU.ActiveCfg = Release|Any CPU
		{0F8C6FEC-423E-440C-9945-3BE43215134C}.Release|Any CPU.Build.0 = Release|Any CPU
		{F5177CBA-DDAC-49D1-B025-033C8C202C3B}.Debug|Any CPU.ActiveCfg = Debug|Any CPU
		{F5177CBA-DDAC-49D1-B025-033C8C202C3B}.Debug|Any CPU.Build.0 = Debug|Any CPU
		{F5177CBA-DDAC-49D1-B025-033C8C202C3B}.Release|Any CPU.ActiveCfg = Release|Any CPU
		{F5177CBA-DDAC-49D1-B025-033C8C202C3B}.Release|Any CPU.Build.0 = Release|Any CPU
		{F586ADE5-AB5A-42D6-813F-A7C0E5C23B63}.Debug|Any CPU.ActiveCfg = Debug|Any CPU
		{F586ADE5-AB5A-42D6-813F-A7C0E5C23B63}.Debug|Any CPU.Build.0 = Debug|Any CPU
		{F586ADE5-AB5A-42D6-813F-A7C0E5C23B63}.Release|Any CPU.ActiveCfg = Release|Any CPU
		{F586ADE5-AB5A-42D6-813F-A7C0E5C23B63}.Release|Any CPU.Build.0 = Release|Any CPU
		{A332FE58-9549-42E0-9B28-7E0BEF4D3BFC}.Debug|Any CPU.ActiveCfg = Debug|Any CPU
		{A332FE58-9549-42E0-9B28-7E0BEF4D3BFC}.Debug|Any CPU.Build.0 = Debug|Any CPU
		{A332FE58-9549-42E0-9B28-7E0BEF4D3BFC}.Release|Any CPU.ActiveCfg = Release|Any CPU
		{A332FE58-9549-42E0-9B28-7E0BEF4D3BFC}.Release|Any CPU.Build.0 = Release|Any CPU
		{13D013C1-AC96-402D-8747-B0EACA6879C6}.Debug|Any CPU.ActiveCfg = Debug|Any CPU
		{13D013C1-AC96-402D-8747-B0EACA6879C6}.Debug|Any CPU.Build.0 = Debug|Any CPU
		{13D013C1-AC96-402D-8747-B0EACA6879C6}.Release|Any CPU.ActiveCfg = Release|Any CPU
		{13D013C1-AC96-402D-8747-B0EACA6879C6}.Release|Any CPU.Build.0 = Release|Any CPU
		{43B07287-B8EE-4175-A2ED-D10CF9603A6A}.Debug|Any CPU.ActiveCfg = Debug|Any CPU
		{43B07287-B8EE-4175-A2ED-D10CF9603A6A}.Debug|Any CPU.Build.0 = Debug|Any CPU
		{43B07287-B8EE-4175-A2ED-D10CF9603A6A}.Release|Any CPU.ActiveCfg = Release|Any CPU
		{43B07287-B8EE-4175-A2ED-D10CF9603A6A}.Release|Any CPU.Build.0 = Release|Any CPU
		{C89EAE61-E776-4C1B-9A40-DAC09732E4A0}.Debug|Any CPU.ActiveCfg = Debug|Any CPU
		{C89EAE61-E776-4C1B-9A40-DAC09732E4A0}.Debug|Any CPU.Build.0 = Debug|Any CPU
		{C89EAE61-E776-4C1B-9A40-DAC09732E4A0}.Release|Any CPU.ActiveCfg = Release|Any CPU
		{C89EAE61-E776-4C1B-9A40-DAC09732E4A0}.Release|Any CPU.Build.0 = Release|Any CPU
		{4476C6BE-B853-4E6A-9633-9D4F8B2A2575}.Debug|Any CPU.ActiveCfg = Debug|Any CPU
		{4476C6BE-B853-4E6A-9633-9D4F8B2A2575}.Debug|Any CPU.Build.0 = Debug|Any CPU
		{4476C6BE-B853-4E6A-9633-9D4F8B2A2575}.Release|Any CPU.ActiveCfg = Release|Any CPU
		{4476C6BE-B853-4E6A-9633-9D4F8B2A2575}.Release|Any CPU.Build.0 = Release|Any CPU
		{E292C7A5-B5E1-4FD9-BEC7-4A806CA57ACA}.Debug|Any CPU.ActiveCfg = Debug|Any CPU
		{E292C7A5-B5E1-4FD9-BEC7-4A806CA57ACA}.Debug|Any CPU.Build.0 = Debug|Any CPU
		{E292C7A5-B5E1-4FD9-BEC7-4A806CA57ACA}.Release|Any CPU.ActiveCfg = Release|Any CPU
		{E292C7A5-B5E1-4FD9-BEC7-4A806CA57ACA}.Release|Any CPU.Build.0 = Release|Any CPU
		{2C6AEC42-BB24-461B-81F3-FD1FF9C10EA4}.Debug|Any CPU.ActiveCfg = Debug|Any CPU
		{2C6AEC42-BB24-461B-81F3-FD1FF9C10EA4}.Debug|Any CPU.Build.0 = Debug|Any CPU
		{2C6AEC42-BB24-461B-81F3-FD1FF9C10EA4}.Release|Any CPU.ActiveCfg = Release|Any CPU
		{2C6AEC42-BB24-461B-81F3-FD1FF9C10EA4}.Release|Any CPU.Build.0 = Release|Any CPU
		{6AEC048B-B6CC-4387-8C40-492F4FB036B7}.Debug|Any CPU.ActiveCfg = Debug|Any CPU
		{6AEC048B-B6CC-4387-8C40-492F4FB036B7}.Debug|Any CPU.Build.0 = Debug|Any CPU
		{6AEC048B-B6CC-4387-8C40-492F4FB036B7}.Release|Any CPU.ActiveCfg = Release|Any CPU
		{6AEC048B-B6CC-4387-8C40-492F4FB036B7}.Release|Any CPU.Build.0 = Release|Any CPU
		{C072748F-B79D-49FC-97AA-F2DC3B9BC8D0}.Debug|Any CPU.ActiveCfg = Debug|Any CPU
		{C072748F-B79D-49FC-97AA-F2DC3B9BC8D0}.Debug|Any CPU.Build.0 = Debug|Any CPU
		{C072748F-B79D-49FC-97AA-F2DC3B9BC8D0}.Release|Any CPU.ActiveCfg = Release|Any CPU
		{C072748F-B79D-49FC-97AA-F2DC3B9BC8D0}.Release|Any CPU.Build.0 = Release|Any CPU
		{930BBE29-E8AC-4832-B4D8-EA252087333C}.Debug|Any CPU.ActiveCfg = Debug|Any CPU
		{930BBE29-E8AC-4832-B4D8-EA252087333C}.Debug|Any CPU.Build.0 = Debug|Any CPU
		{930BBE29-E8AC-4832-B4D8-EA252087333C}.Release|Any CPU.ActiveCfg = Release|Any CPU
		{930BBE29-E8AC-4832-B4D8-EA252087333C}.Release|Any CPU.Build.0 = Release|Any CPU
		{81355774-790C-4F4C-A071-326C06F29C56}.Debug|Any CPU.ActiveCfg = Debug|Any CPU
		{81355774-790C-4F4C-A071-326C06F29C56}.Debug|Any CPU.Build.0 = Debug|Any CPU
		{81355774-790C-4F4C-A071-326C06F29C56}.Release|Any CPU.ActiveCfg = Release|Any CPU
		{81355774-790C-4F4C-A071-326C06F29C56}.Release|Any CPU.Build.0 = Release|Any CPU
		{225A9FD4-6927-4F05-A25F-164D3797D75E}.Debug|Any CPU.ActiveCfg = Debug|Any CPU
		{225A9FD4-6927-4F05-A25F-164D3797D75E}.Debug|Any CPU.Build.0 = Debug|Any CPU
		{225A9FD4-6927-4F05-A25F-164D3797D75E}.Release|Any CPU.ActiveCfg = Release|Any CPU
		{225A9FD4-6927-4F05-A25F-164D3797D75E}.Release|Any CPU.Build.0 = Release|Any CPU
		{E9187355-ABE8-41F7-97F0-87192F7AB8D1}.Debug|Any CPU.ActiveCfg = Debug|Any CPU
		{E9187355-ABE8-41F7-97F0-87192F7AB8D1}.Debug|Any CPU.Build.0 = Debug|Any CPU
		{E9187355-ABE8-41F7-97F0-87192F7AB8D1}.Release|Any CPU.ActiveCfg = Release|Any CPU
		{E9187355-ABE8-41F7-97F0-87192F7AB8D1}.Release|Any CPU.Build.0 = Release|Any CPU
	EndGlobalSection
	GlobalSection(SolutionProperties) = preSolution
		HideSolutionNode = FALSE
	EndGlobalSection
	GlobalSection(ExtensibilityGlobals) = postSolution
		SolutionGuid = {3EFF590D-6FBE-4226-9FD3-91070BA1FEEF}
	EndGlobalSection
EndGlobal
