
Microsoft Visual Studio Solution File, Format Version 12.00
# Visual Studio Version 17
VisualStudioVersion = 17.3.32825.248
MinimumVisualStudioVersion = 10.0.40219.1
Project("{9A19103F-16F7-4668-BE54-9A1E7A4F7556}") = "ArquivosDiretorios", "ArquivosDiretorios\ArquivosDiretorios.csproj", "{F61CFB0E-4C6F-4D6C-8AE8-D2941D5EEF5B}"
EndProject
Project("{9A19103F-16F7-4668-BE54-9A1E7A4F7556}") = "02FileInfo1", "02FileInfo1\02FileInfo1.csproj", "{57E86694-52A2-43D5-98C2-1E2C51A99F2D}"
EndProject
Project("{FAE04EC0-301F-11D3-BF4B-00C04F79EFBC}") = "03Directory1", "03Directory1\03Directory1.csproj", "{9A8823ED-6620-401E-9762-474A4B2DA162}"
EndProject
Project("{FAE04EC0-301F-11D3-BF4B-00C04F79EFBC}") = "04DirectoryInfo1", "04DirectoryInfo1\04DirectoryInfo1.csproj", "{C4DB7637-7D63-4676-ACE4-49DB3488EA95}"
EndProject
Project("{FAE04EC0-301F-11D3-BF4B-00C04F79EFBC}") = "05Path1", "05Path1\05Path1.csproj", "{4AEFEAB4-4003-4846-A547-9C24900E3CC2}"
EndProject
Project("{FAE04EC0-301F-11D3-BF4B-00C04F79EFBC}") = "06FileStream1", "06FileStream1\06FileStream1.csproj", "{ACEFA8A3-FF68-4F56-AA0F-EF3147511EA8}"
EndProject
Project("{FAE04EC0-301F-11D3-BF4B-00C04F79EFBC}") = "07FileStreamBlocoUsing", "07FileStreamBlocoUsing\07FileStreamBlocoUsing.csproj", "{74F2A275-6266-4802-B6C3-D5FC2EB41A79}"
EndProject
Project("{FAE04EC0-301F-11D3-BF4B-00C04F79EFBC}") = "08StreamExercicio", "08StreamExercicio\08StreamExercicio.csproj", "{D2370911-3560-4ED7-A737-DF1EA010EC62}"
EndProject
Global
	GlobalSection(SolutionConfigurationPlatforms) = preSolution
		Debug|Any CPU = Debug|Any CPU
		Release|Any CPU = Release|Any CPU
	EndGlobalSection
	GlobalSection(ProjectConfigurationPlatforms) = postSolution
		{F61CFB0E-4C6F-4D6C-8AE8-D2941D5EEF5B}.Debug|Any CPU.ActiveCfg = Debug|Any CPU
		{F61CFB0E-4C6F-4D6C-8AE8-D2941D5EEF5B}.Debug|Any CPU.Build.0 = Debug|Any CPU
		{F61CFB0E-4C6F-4D6C-8AE8-D2941D5EEF5B}.Release|Any CPU.ActiveCfg = Release|Any CPU
		{F61CFB0E-4C6F-4D6C-8AE8-D2941D5EEF5B}.Release|Any CPU.Build.0 = Release|Any CPU
		{57E86694-52A2-43D5-98C2-1E2C51A99F2D}.Debug|Any CPU.ActiveCfg = Debug|Any CPU
		{57E86694-52A2-43D5-98C2-1E2C51A99F2D}.Debug|Any CPU.Build.0 = Debug|Any CPU
		{57E86694-52A2-43D5-98C2-1E2C51A99F2D}.Release|Any CPU.ActiveCfg = Release|Any CPU
		{57E86694-52A2-43D5-98C2-1E2C51A99F2D}.Release|Any CPU.Build.0 = Release|Any CPU
		{9A8823ED-6620-401E-9762-474A4B2DA162}.Debug|Any CPU.ActiveCfg = Debug|Any CPU
		{9A8823ED-6620-401E-9762-474A4B2DA162}.Debug|Any CPU.Build.0 = Debug|Any CPU
		{9A8823ED-6620-401E-9762-474A4B2DA162}.Release|Any CPU.ActiveCfg = Release|Any CPU
		{9A8823ED-6620-401E-9762-474A4B2DA162}.Release|Any CPU.Build.0 = Release|Any CPU
		{C4DB7637-7D63-4676-ACE4-49DB3488EA95}.Debug|Any CPU.ActiveCfg = Debug|Any CPU
		{C4DB7637-7D63-4676-ACE4-49DB3488EA95}.Debug|Any CPU.Build.0 = Debug|Any CPU
		{C4DB7637-7D63-4676-ACE4-49DB3488EA95}.Release|Any CPU.ActiveCfg = Release|Any CPU
		{C4DB7637-7D63-4676-ACE4-49DB3488EA95}.Release|Any CPU.Build.0 = Release|Any CPU
		{4AEFEAB4-4003-4846-A547-9C24900E3CC2}.Debug|Any CPU.ActiveCfg = Debug|Any CPU
		{4AEFEAB4-4003-4846-A547-9C24900E3CC2}.Debug|Any CPU.Build.0 = Debug|Any CPU
		{4AEFEAB4-4003-4846-A547-9C24900E3CC2}.Release|Any CPU.ActiveCfg = Release|Any CPU
		{4AEFEAB4-4003-4846-A547-9C24900E3CC2}.Release|Any CPU.Build.0 = Release|Any CPU
		{ACEFA8A3-FF68-4F56-AA0F-EF3147511EA8}.Debug|Any CPU.ActiveCfg = Debug|Any CPU
		{ACEFA8A3-FF68-4F56-AA0F-EF3147511EA8}.Debug|Any CPU.Build.0 = Debug|Any CPU
		{ACEFA8A3-FF68-4F56-AA0F-EF3147511EA8}.Release|Any CPU.ActiveCfg = Release|Any CPU
		{ACEFA8A3-FF68-4F56-AA0F-EF3147511EA8}.Release|Any CPU.Build.0 = Release|Any CPU
		{74F2A275-6266-4802-B6C3-D5FC2EB41A79}.Debug|Any CPU.ActiveCfg = Debug|Any CPU
		{74F2A275-6266-4802-B6C3-D5FC2EB41A79}.Debug|Any CPU.Build.0 = Debug|Any CPU
		{74F2A275-6266-4802-B6C3-D5FC2EB41A79}.Release|Any CPU.ActiveCfg = Release|Any CPU
		{74F2A275-6266-4802-B6C3-D5FC2EB41A79}.Release|Any CPU.Build.0 = Release|Any CPU
		{D2370911-3560-4ED7-A737-DF1EA010EC62}.Debug|Any CPU.ActiveCfg = Debug|Any CPU
		{D2370911-3560-4ED7-A737-DF1EA010EC62}.Debug|Any CPU.Build.0 = Debug|Any CPU
		{D2370911-3560-4ED7-A737-DF1EA010EC62}.Release|Any CPU.ActiveCfg = Release|Any CPU
		{D2370911-3560-4ED7-A737-DF1EA010EC62}.Release|Any CPU.Build.0 = Release|Any CPU
	EndGlobalSection
	GlobalSection(SolutionProperties) = preSolution
		HideSolutionNode = FALSE
	EndGlobalSection
	GlobalSection(ExtensibilityGlobals) = postSolution
		SolutionGuid = {38772304-FF94-4272-95A2-2A9A9EE5CD5A}
	EndGlobalSection
EndGlobal
