
Microsoft Visual Studio Solution File, Format Version 12.00
# Visual Studio Version 17
VisualStudioVersion = 17.3.32825.248
MinimumVisualStudioVersion = 10.0.40219.1
Project("{9A19103F-16F7-4668-BE54-9A1E7A4F7556}") = "1Heranca_ConceitoSintaxe", "1Heranca_ConceitoSintaxe\1Heranca_ConceitoSintaxe.csproj", "{F661FC0B-CE95-4967-8D4A-C6E6820420AD}"
EndProject
Project("{9A19103F-16F7-4668-BE54-9A1E7A4F7556}") = "2Heranca_ModificadorAcesso", "2Heranca_ModificadorAcesso\2Heranca_ModificadorAcesso.csproj", "{C561FE6F-357B-4F42-8943-01C9ABCBFCE2}"
EndProject
Project("{9A19103F-16F7-4668-BE54-9A1E7A4F7556}") = "3Heranca_Construtores", "3Heranca_Construtores\3Heranca_Construtores.csproj", "{26B980F2-C8AE-4BC1-92F1-E85E0BEA5848}"
EndProject
Project("{9A19103F-16F7-4668-BE54-9A1E7A4F7556}") = "4Heranca_Object", "4Heranca_Object\4Heranca_Object.csproj", "{D8BAFCA8-3251-40AC-BF05-0382A376C5FB}"
EndProject
Project("{9A19103F-16F7-4668-BE54-9A1E7A4F7556}") = "5Heranca_Modificador_New", "5Heranca_Modificador_New\5Heranca_Modificador_New.csproj", "{61E78549-D003-47A5-B04C-9994FA9C3314}"
EndProject
Project("{9A19103F-16F7-4668-BE54-9A1E7A4F7556}") = "6Heranca_VirtualOverride", "6Heranca_VirtualOverride\6Heranca_VirtualOverride.csproj", "{AF0D218A-2C5E-4E5B-9063-D6AE33593074}"
EndProject
Project("{9A19103F-16F7-4668-BE54-9A1E7A4F7556}") = "7HerancaSealed", "7HerancaSealed\7HerancaSealed.csproj", "{A2E57B37-D2A8-457A-A2CB-85B1CF75D33E}"
EndProject
Project("{9A19103F-16F7-4668-BE54-9A1E7A4F7556}") = "7Heranca_Sealed_Prop", "7Heranca_Sealed_Prop\7Heranca_Sealed_Prop.csproj", "{CCDA8406-6B96-44CA-800C-8F5A0C000D96}"
EndProject
Project("{FAE04EC0-301F-11D3-BF4B-00C04F79EFBC}") = "Heranca_Exercicio1", "Heranca_Exercicio1\Heranca_Exercicio1.csproj", "{A1095A2B-0C76-4864-8582-54D9416271C4}"
EndProject
Project("{FAE04EC0-301F-11D3-BF4B-00C04F79EFBC}") = "8Heranca_Tipos", "8Heranca_Tipos\8Heranca_Tipos.csproj", "{D633B40A-4AEB-407E-9D73-3FCA37BC79CD}"
EndProject
Project("{FAE04EC0-301F-11D3-BF4B-00C04F79EFBC}") = "9Heranca_UpCasting_DownCasting", "9Heranca_UpCasting_DownCasting\9Heranca_UpCasting_DownCasting.csproj", "{E780B267-4374-4766-BE00-25F97AB58BE7}"
EndProject
Project("{FAE04EC0-301F-11D3-BF4B-00C04F79EFBC}") = "10Heranca_is_as", "10Heranca_is_as\10Heranca_is_as.csproj", "{F1BBCC57-421C-415B-88DC-30074954C935}"
EndProject
Global
	GlobalSection(SolutionConfigurationPlatforms) = preSolution
		Debug|Any CPU = Debug|Any CPU
		Release|Any CPU = Release|Any CPU
	EndGlobalSection
	GlobalSection(ProjectConfigurationPlatforms) = postSolution
		{F661FC0B-CE95-4967-8D4A-C6E6820420AD}.Debug|Any CPU.ActiveCfg = Debug|Any CPU
		{F661FC0B-CE95-4967-8D4A-C6E6820420AD}.Debug|Any CPU.Build.0 = Debug|Any CPU
		{F661FC0B-CE95-4967-8D4A-C6E6820420AD}.Release|Any CPU.ActiveCfg = Release|Any CPU
		{F661FC0B-CE95-4967-8D4A-C6E6820420AD}.Release|Any CPU.Build.0 = Release|Any CPU
		{C561FE6F-357B-4F42-8943-01C9ABCBFCE2}.Debug|Any CPU.ActiveCfg = Debug|Any CPU
		{C561FE6F-357B-4F42-8943-01C9ABCBFCE2}.Debug|Any CPU.Build.0 = Debug|Any CPU
		{C561FE6F-357B-4F42-8943-01C9ABCBFCE2}.Release|Any CPU.ActiveCfg = Release|Any CPU
		{C561FE6F-357B-4F42-8943-01C9ABCBFCE2}.Release|Any CPU.Build.0 = Release|Any CPU
		{26B980F2-C8AE-4BC1-92F1-E85E0BEA5848}.Debug|Any CPU.ActiveCfg = Debug|Any CPU
		{26B980F2-C8AE-4BC1-92F1-E85E0BEA5848}.Debug|Any CPU.Build.0 = Debug|Any CPU
		{26B980F2-C8AE-4BC1-92F1-E85E0BEA5848}.Release|Any CPU.ActiveCfg = Release|Any CPU
		{26B980F2-C8AE-4BC1-92F1-E85E0BEA5848}.Release|Any CPU.Build.0 = Release|Any CPU
		{D8BAFCA8-3251-40AC-BF05-0382A376C5FB}.Debug|Any CPU.ActiveCfg = Debug|Any CPU
		{D8BAFCA8-3251-40AC-BF05-0382A376C5FB}.Debug|Any CPU.Build.0 = Debug|Any CPU
		{D8BAFCA8-3251-40AC-BF05-0382A376C5FB}.Release|Any CPU.ActiveCfg = Release|Any CPU
		{D8BAFCA8-3251-40AC-BF05-0382A376C5FB}.Release|Any CPU.Build.0 = Release|Any CPU
		{61E78549-D003-47A5-B04C-9994FA9C3314}.Debug|Any CPU.ActiveCfg = Debug|Any CPU
		{61E78549-D003-47A5-B04C-9994FA9C3314}.Debug|Any CPU.Build.0 = Debug|Any CPU
		{61E78549-D003-47A5-B04C-9994FA9C3314}.Release|Any CPU.ActiveCfg = Release|Any CPU
		{61E78549-D003-47A5-B04C-9994FA9C3314}.Release|Any CPU.Build.0 = Release|Any CPU
		{AF0D218A-2C5E-4E5B-9063-D6AE33593074}.Debug|Any CPU.ActiveCfg = Debug|Any CPU
		{AF0D218A-2C5E-4E5B-9063-D6AE33593074}.Debug|Any CPU.Build.0 = Debug|Any CPU
		{AF0D218A-2C5E-4E5B-9063-D6AE33593074}.Release|Any CPU.ActiveCfg = Release|Any CPU
		{AF0D218A-2C5E-4E5B-9063-D6AE33593074}.Release|Any CPU.Build.0 = Release|Any CPU
		{A2E57B37-D2A8-457A-A2CB-85B1CF75D33E}.Debug|Any CPU.ActiveCfg = Debug|Any CPU
		{A2E57B37-D2A8-457A-A2CB-85B1CF75D33E}.Debug|Any CPU.Build.0 = Debug|Any CPU
		{A2E57B37-D2A8-457A-A2CB-85B1CF75D33E}.Release|Any CPU.ActiveCfg = Release|Any CPU
		{A2E57B37-D2A8-457A-A2CB-85B1CF75D33E}.Release|Any CPU.Build.0 = Release|Any CPU
		{CCDA8406-6B96-44CA-800C-8F5A0C000D96}.Debug|Any CPU.ActiveCfg = Debug|Any CPU
		{CCDA8406-6B96-44CA-800C-8F5A0C000D96}.Debug|Any CPU.Build.0 = Debug|Any CPU
		{CCDA8406-6B96-44CA-800C-8F5A0C000D96}.Release|Any CPU.ActiveCfg = Release|Any CPU
		{CCDA8406-6B96-44CA-800C-8F5A0C000D96}.Release|Any CPU.Build.0 = Release|Any CPU
		{A1095A2B-0C76-4864-8582-54D9416271C4}.Debug|Any CPU.ActiveCfg = Debug|Any CPU
		{A1095A2B-0C76-4864-8582-54D9416271C4}.Debug|Any CPU.Build.0 = Debug|Any CPU
		{A1095A2B-0C76-4864-8582-54D9416271C4}.Release|Any CPU.ActiveCfg = Release|Any CPU
		{A1095A2B-0C76-4864-8582-54D9416271C4}.Release|Any CPU.Build.0 = Release|Any CPU
		{D633B40A-4AEB-407E-9D73-3FCA37BC79CD}.Debug|Any CPU.ActiveCfg = Debug|Any CPU
		{D633B40A-4AEB-407E-9D73-3FCA37BC79CD}.Debug|Any CPU.Build.0 = Debug|Any CPU
		{D633B40A-4AEB-407E-9D73-3FCA37BC79CD}.Release|Any CPU.ActiveCfg = Release|Any CPU
		{D633B40A-4AEB-407E-9D73-3FCA37BC79CD}.Release|Any CPU.Build.0 = Release|Any CPU
		{E780B267-4374-4766-BE00-25F97AB58BE7}.Debug|Any CPU.ActiveCfg = Debug|Any CPU
		{E780B267-4374-4766-BE00-25F97AB58BE7}.Debug|Any CPU.Build.0 = Debug|Any CPU
		{E780B267-4374-4766-BE00-25F97AB58BE7}.Release|Any CPU.ActiveCfg = Release|Any CPU
		{E780B267-4374-4766-BE00-25F97AB58BE7}.Release|Any CPU.Build.0 = Release|Any CPU
		{F1BBCC57-421C-415B-88DC-30074954C935}.Debug|Any CPU.ActiveCfg = Debug|Any CPU
		{F1BBCC57-421C-415B-88DC-30074954C935}.Debug|Any CPU.Build.0 = Debug|Any CPU
		{F1BBCC57-421C-415B-88DC-30074954C935}.Release|Any CPU.ActiveCfg = Release|Any CPU
		{F1BBCC57-421C-415B-88DC-30074954C935}.Release|Any CPU.Build.0 = Release|Any CPU
	EndGlobalSection
	GlobalSection(SolutionProperties) = preSolution
		HideSolutionNode = FALSE
	EndGlobalSection
	GlobalSection(ExtensibilityGlobals) = postSolution
		SolutionGuid = {70B4BD0C-BE2D-4C8A-A910-7B1C2E1CF188}
	EndGlobalSection
EndGlobal
