
Microsoft Visual Studio Solution File, Format Version 12.00
# Visual Studio Version 17
VisualStudioVersion = 17.3.32825.248
MinimumVisualStudioVersion = 10.0.40219.1
Project("{FAE04EC0-301F-11D3-BF4B-00C04F79EFBC}") = "DelegatesLambdaEventosLinq", "DelegatesLambdaEventosLinq\DelegatesLambdaEventosLinq.csproj", "{CAB8BB17-DF66-4F6E-8D9E-4F0423F99801}"
EndProject
Global
	GlobalSection(SolutionConfigurationPlatforms) = preSolution
		Debug|Any CPU = Debug|Any CPU
		Release|Any CPU = Release|Any CPU
	EndGlobalSection
	GlobalSection(ProjectConfigurationPlatforms) = postSolution
		{CAB8BB17-DF66-4F6E-8D9E-4F0423F99801}.Debug|Any CPU.ActiveCfg = Debug|Any CPU
		{CAB8BB17-DF66-4F6E-8D9E-4F0423F99801}.Debug|Any CPU.Build.0 = Debug|Any CPU
		{CAB8BB17-DF66-4F6E-8D9E-4F0423F99801}.Release|Any CPU.ActiveCfg = Release|Any CPU
		{CAB8BB17-DF66-4F6E-8D9E-4F0423F99801}.Release|Any CPU.Build.0 = Release|Any CPU
	EndGlobalSection
	GlobalSection(SolutionProperties) = preSolution
		HideSolutionNode = FALSE
	EndGlobalSection
	GlobalSection(ExtensibilityGlobals) = postSolution
		SolutionGuid = {4308F427-AD9E-4285-8860-87AB2EAEE1D0}
	EndGlobalSection
EndGlobal
